{
  "name": "9547b02e757197ef",
  "lockfileVersion": 3,
  "requires": true,
  "packages": {
    "": {
      "dependencies": {
        "jsrepo": "^3.7.0"
      }
    },
    "node_modules/@emnapi/core": {
      "version": "1.9.1",
      "resolved": "https://registry.npmjs.org/@emnapi/core/-/core-1.9.1.tgz",
      "integrity": "sha512-mukuNALVsoix/w1BJwFzwXBN/dHeejQtuVzcDsfOEsdpCumXb/E9j8w11h5S54tT1xhifGfbbSm/ICrObRb3KA==",
      "license": "MIT",
      "optional": true,
      "peer": true,
      "dependencies": {
        "@emnapi/wasi-threads": "1.2.0",
        "tslib": "^2.4.0"
      }
    },
    "node_modules/@emnapi/runtime": {
      "version": "1.9.1",
      "resolved": "https://registry.npmjs.org/@emnapi/runtime/-/runtime-1.9.1.tgz",
      "integrity": "sha512-VYi5+ZVLhpgK4hQ0TAjiQiZ6ol0oe4mBx7mVv7IflsiEp0OWoVsp/+f9Vc1hOhE0TtkORVrI1GvzyreqpgWtkA==",
      "license": "MIT",
      "optional": true,
      "peer": true,
      "dependencies": {
        "tslib": "^2.4.0"
      }
    },
    "node_modules/@emnapi/wasi-threads": {
      "version": "1.2.0",
      "resolved": "https://registry.npmjs.org/@emnapi/wasi-threads/-/wasi-threads-1.2.0.tgz",
      "integrity": "sha512-N10dEJNSsUx41Z6pZsXU8FjPjpBEplgH24sfkmITrBED1/U2Esum9F3lfLrMjKHHjmi557zQn7kR9R+XWXu5Rg==",
      "license": "MIT",
      "optional": true,
      "peer": true,
      "dependencies": {
        "tslib": "^2.4.0"
      }
    },
    "node_modules/@napi-rs/wasm-runtime": {
      "version": "1.1.2",
      "resolved": "https://registry.npmjs.org/@napi-rs/wasm-runtime/-/wasm-runtime-1.1.2.tgz",
      "integrity": "sha512-sNXv5oLJ7ob93xkZ1XnxisYhGYXfaG9f65/ZgYuAu3qt7b3NadcOEhLvx28hv31PgX8SZJRYrAIPQilQmFpLVw==",
      "license": "MIT",
      "optional": true,
      "dependencies": {
        "@tybys/wasm-util": "^0.10.1"
      },
      "funding": {
        "type": "github",
        "url": "https://github.com/sponsors/Brooooooklyn"
      },
      "peerDependencies": {
        "@emnapi/core": "^1.7.1",
        "@emnapi/runtime": "^1.7.1"
      }
    },
    "node_modules/@oxc-parser/binding-android-arm-eabi": {
      "version": "0.114.0",
      "resolved": "https://registry.npmjs.org/@oxc-parser/binding-android-arm-eabi/-/binding-android-arm-eabi-0.114.0.tgz",
      "integrity": "sha512-O64coa+5VuqhwQV5t7PcgiY1ubGy35QZSMi+GrXewCRbi7MMzQcuyfv2xg1FV7Kj7SR47+gg/eC9xrOph2Pbcg==",
      "cpu": [
        "arm"
      ],
      "license": "MIT",
      "optional": true,
      "os": [
        "android"
      ],
      "engines": {
        "node": "^20.19.0 || >=22.12.0"
      }
    },
    "node_modules/@oxc-parser/binding-android-arm64": {
      "version": "0.114.0",
      "resolved": "https://registry.npmjs.org/@oxc-parser/binding-android-arm64/-/binding-android-arm64-0.114.0.tgz",
      "integrity": "sha512-tfINDNQTAynm7gHWhkCuAnAICf12wD2r3fd2vrMrW7Q9xQcR5pmJN+GUvFjRTeKILdMIPpji+d05PKQtczUxTA==",
      "cpu": [
        "arm64"
      ],
      "license": "MIT",
      "optional": true,
      "os": [
        "android"
      ],
      "engines": {
        "node": "^20.19.0 || >=22.12.0"
      }
    },
    "node_modules/@oxc-parser/binding-darwin-arm64": {
      "version": "0.114.0",
      "resolved": "https://registry.npmjs.org/@oxc-parser/binding-darwin-arm64/-/binding-darwin-arm64-0.114.0.tgz",
      "integrity": "sha512-oQpuBInKrb77rgAStzuRkulUOhoqPxTYaQ1vc3CCE2WeVvJyysQF8/f7jtoJUWpEHGKvIq/UELkHyHoETAso6A==",
      "cpu": [
        "arm64"
      ],
      "license": "MIT",
      "optional": true,
      "os": [
        "darwin"
      ],
      "engines": {
        "node": "^20.19.0 || >=22.12.0"
      }
    },
    "node_modules/@oxc-parser/binding-darwin-x64": {
      "version": "0.114.0",
      "resolved": "https://registry.npmjs.org/@oxc-parser/binding-darwin-x64/-/binding-darwin-x64-0.114.0.tgz",
      "integrity": "sha512-nRpuvxB9MTtgChXZ7CdpoVHAfzdo/2+C35UseYbG9LSj2UV9U4Bu7IrHhhDpBZsHT2OaVIMim1joyBNQV0TJqg==",
      "cpu": [
        "x64"
      ],
      "license": "MIT",
      "optional": true,
      "os": [
        "darwin"
      ],
      "engines": {
        "node": "^20.19.0 || >=22.12.0"
      }
    },
    "node_modules/@oxc-parser/binding-freebsd-x64": {
      "version": "0.114.0",
      "resolved": "https://registry.npmjs.org/@oxc-parser/binding-freebsd-x64/-/binding-freebsd-x64-0.114.0.tgz",
      "integrity": "sha512-zNHFhMwqvwYuXWSyGHMKwobVH4cpcAQSRdUocwT9tbvgsNId00OkQ9sTuXFEthMK6xvAO1prlSiIabkcpLQ/9A==",
      "cpu": [
        "x64"
      ],
      "license": "MIT",
      "optional": true,
      "os": [
        "freebsd"
      ],
      "engines": {
        "node": "^20.19.0 || >=22.12.0"
      }
    },
    "node_modules/@oxc-parser/binding-linux-arm-gnueabihf": {
      "version": "0.114.0",
      "resolved": "https://registry.npmjs.org/@oxc-parser/binding-linux-arm-gnueabihf/-/binding-linux-arm-gnueabihf-0.114.0.tgz",
      "integrity": "sha512-Ew5Fj5iy1YV8pFvdo3oSaOkpgLOySxacZ14XdnY+0eajmsf5VdIGATCISkkacgQWoijlgKTVd8RlsV+wb3v6UQ==",
      "cpu": [
        "arm"
      ],
      "license": "MIT",
      "optional": true,
      "os": [
        "linux"
      ],
      "engines": {
        "node": "^20.19.0 || >=22.12.0"
      }
    },
    "node_modules/@oxc-parser/binding-linux-arm-musleabihf": {
      "version": "0.114.0",
      "resolved": "https://registry.npmjs.org/@oxc-parser/binding-linux-arm-musleabihf/-/binding-linux-arm-musleabihf-0.114.0.tgz",
      "integrity": "sha512-p3w2kXEHKdAcRKn5T9dVDO39grxFtRLuSu5STVZYEOQ2Z9N/kjsXEsXOumj4kQXCnvF44OUdiURca4NUOm1hmQ==",
      "cpu": [
        "arm"
      ],
      "license": "MIT",
      "optional": true,
      "os": [
        "linux"
      ],
      "engines": {
        "node": "^20.19.0 || >=22.12.0"
      }
    },
    "node_modules/@oxc-parser/binding-linux-arm64-gnu": {
      "version": "0.114.0",
      "resolved": "https://registry.npmjs.org/@oxc-parser/binding-linux-arm64-gnu/-/binding-linux-arm64-gnu-0.114.0.tgz",
      "integrity": "sha512-qSo2Nnn6XcuSzPOQvidc6HSJMZv09wvtKKi3r8NK4m1zFSCEsZu52I1UMK7qlTVMb0DlPwGzT2QpHdFyad+etQ==",
      "cpu": [
        "arm64"
      ],
      "license": "MIT",
      "optional": true,
      "os": [
        "linux"
      ],
      "engines": {
        "node": "^20.19.0 || >=22.12.0"
      }
    },
    "node_modules/@oxc-parser/binding-linux-arm64-musl": {
      "version": "0.114.0",
      "resolved": "https://registry.npmjs.org/@oxc-parser/binding-linux-arm64-musl/-/binding-linux-arm64-musl-0.114.0.tgz",
      "integrity": "sha512-MiLmga+J7LBwZQDJih7+30PiKYZ0AFpcwz+/H3VllRk3sJQgp2H9pi2UqSwPp4AuW5Mx0Ww5qjI2r++Fvlm8Bg==",
      "cpu": [
        "arm64"
      ],
      "license": "MIT",
      "optional": true,
      "os": [
        "linux"
      ],
      "engines": {
        "node": "^20.19.0 || >=22.12.0"
      }
    },
    "node_modules/@oxc-parser/binding-linux-ppc64-gnu": {
      "version": "0.114.0",
      "resolved": "https://registry.npmjs.org/@oxc-parser/binding-linux-ppc64-gnu/-/binding-linux-ppc64-gnu-0.114.0.tgz",
      "integrity": "sha512-6zvF/xXydC7P+Gd6DcSipnt/AmSEKtWZhfrKxKwZjA9jkhFG8VoMZsRPe5T6KPuYw3Ieg0afNUnQy5ck6M9X+Q==",
      "cpu": [
        "ppc64"
      ],
      "license": "MIT",
      "optional": true,
      "os": [
        "linux"
      ],
      "engines": {
        "node": "^20.19.0 || >=22.12.0"
      }
    },
    "node_modules/@oxc-parser/binding-linux-riscv64-gnu": {
      "version": "0.114.0",
      "resolved": "https://registry.npmjs.org/@oxc-parser/binding-linux-riscv64-gnu/-/binding-linux-riscv64-gnu-0.114.0.tgz",
      "integrity": "sha512-X/IWI+AOP4mQYNjNBxg5vVGlLPPf7VbP7KLnSi1hwj35zL58x82Vi38l++VPj+V5OEaAzUcXRk6gPgpbMkCzcw==",
      "cpu": [
        "riscv64"
      ],
      "license": "MIT",
      "optional": true,
      "os": [
        "linux"
      ],
      "engines": {
        "node": "^20.19.0 || >=22.12.0"
      }
    },
    "node_modules/@oxc-parser/binding-linux-riscv64-musl": {
      "version": "0.114.0",
      "resolved": "https://registry.npmjs.org/@oxc-parser/binding-linux-riscv64-musl/-/binding-linux-riscv64-musl-0.114.0.tgz",
      "integrity": "sha512-HX9Femqubg2VQaDB3MMrGz5hfMlEpnV+MyOuH3ZG8WS41S1oSIFn3/zS1PwnIpd4/a0lssi2995W64qNdFB3fQ==",
      "cpu": [
        "riscv64"
      ],
      "license": "MIT",
      "optional": true,
      "os": [
        "linux"
      ],
      "engines": {
        "node": "^20.19.0 || >=22.12.0"
      }
    },
    "node_modules/@oxc-parser/binding-linux-s390x-gnu": {
      "version": "0.114.0",
      "resolved": "https://registry.npmjs.org/@oxc-parser/binding-linux-s390x-gnu/-/binding-linux-s390x-gnu-0.114.0.tgz",
      "integrity": "sha512-K/YYc/BFOD5fKk/vELxoUW0smdC9JpJY/KvnZohi5YMHS0zc45Z/yC3B8GQAWfVFqRFRC4RMy/zX0SgzRHcAOw==",
      "cpu": [
        "s390x"
      ],
      "license": "MIT",
      "optional": true,
      "os": [
        "linux"
      ],
      "engines": {
        "node": "^20.19.0 || >=22.12.0"
      }
    },
    "node_modules/@oxc-parser/binding-linux-x64-gnu": {
      "version": "0.114.0",
      "resolved": "https://registry.npmjs.org/@oxc-parser/binding-linux-x64-gnu/-/binding-linux-x64-gnu-0.114.0.tgz",
      "integrity": "sha512-uVcvtE8JXtRhrYc/I/ZR8slH4sMxzfeADJFZcS2T5BPpXABKe8RBZbpLhGvbLafmlSGcJ6vsAMKF7spXBe1N3w==",
      "cpu": [
        "x64"
      ],
      "license": "MIT",
      "optional": true,
      "os": [
        "linux"
      ],
      "engines": {
        "node": "^20.19.0 || >=22.12.0"
      }
    },
    "node_modules/@oxc-parser/binding-linux-x64-musl": {
      "version": "0.114.0",
      "resolved": "https://registry.npmjs.org/@oxc-parser/binding-linux-x64-musl/-/binding-linux-x64-musl-0.114.0.tgz",
      "integrity": "sha512-lDlzcKpqMMIsErm8Frfz9a7a3qfcphzRwV9oxb27GRMmwmbaVZGBaWRmXXw3HqS2JR5ezF5WQaOqpYtsaxsReA==",
      "cpu": [
        "x64"
      ],
      "license": "MIT",
      "optional": true,
      "os": [
        "linux"
      ],
      "engines": {
        "node": "^20.19.0 || >=22.12.0"
      }
    },
    "node_modules/@oxc-parser/binding-openharmony-arm64": {
      "version": "0.114.0",
      "resolved": "https://registry.npmjs.org/@oxc-parser/binding-openharmony-arm64/-/binding-openharmony-arm64-0.114.0.tgz",
      "integrity": "sha512-8mTgZNPfrWYM3nx0VsDvfFuquNZ3/oZ2Wrvy3xV+plBTncXE7oQJFroKF3AGe4c/OPzoFjpnwhwdTRjG+4J3Cg==",
      "cpu": [
        "arm64"
      ],
      "license": "MIT",
      "optional": true,
      "os": [
        "openharmony"
      ],
      "engines": {
        "node": "^20.19.0 || >=22.12.0"
      }
    },
    "node_modules/@oxc-parser/binding-wasm32-wasi": {
      "version": "0.114.0",
      "resolved": "https://registry.npmjs.org/@oxc-parser/binding-wasm32-wasi/-/binding-wasm32-wasi-0.114.0.tgz",
      "integrity": "sha512-GQ5rpymHe7MSZgAGtmxE+v8IzUuM/oJHsiBOurzA6t4ilzVkjUqCLXKckEnVf9r1q9XuTvHmGN5nQnn7uxHRlw==",
      "cpu": [
        "wasm32"
      ],
      "license": "MIT",
      "optional": true,
      "dependencies": {
        "@napi-rs/wasm-runtime": "^1.1.1"
      },
      "engines": {
        "node": ">=14.0.0"
      }
    },
    "node_modules/@oxc-parser/binding-win32-arm64-msvc": {
      "version": "0.114.0",
      "resolved": "https://registry.npmjs.org/@oxc-parser/binding-win32-arm64-msvc/-/binding-win32-arm64-msvc-0.114.0.tgz",
      "integrity": "sha512-bxPbl48dbczdXam3TrYzl1kwA2lmx1B58icoTeyWb/N2uk1W8MBR7EhWOd0mDuXJ26zLoPtOx8S5DN5AKFMfrw==",
      "cpu": [
        "arm64"
      ],
      "license": "MIT",
      "optional": true,
      "os": [
        "win32"
      ],
      "engines": {
        "node": "^20.19.0 || >=22.12.0"
      }
    },
    "node_modules/@oxc-parser/binding-win32-ia32-msvc": {
      "version": "0.114.0",
      "resolved": "https://registry.npmjs.org/@oxc-parser/binding-win32-ia32-msvc/-/binding-win32-ia32-msvc-0.114.0.tgz",
      "integrity": "sha512-9JGKhZTwqu5lJwlJfxgoOx3MorcLEv/xynJ1DcUdYYL67OvR1FJElcAXTybePfD1LpIpCxmw0q4tm9exuCiMzg==",
      "cpu": [
        "ia32"
      ],
      "license": "MIT",
      "optional": true,
      "os": [
        "win32"
      ],
      "engines": {
        "node": "^20.19.0 || >=22.12.0"
      }
    },
    "node_modules/@oxc-parser/binding-win32-x64-msvc": {
      "version": "0.114.0",
      "resolved": "https://registry.npmjs.org/@oxc-parser/binding-win32-x64-msvc/-/binding-win32-x64-msvc-0.114.0.tgz",
      "integrity": "sha512-ATX7ZOUS/FP2vy9ey0FALKFPJDnN3uoEKSCTxH10vTNoREL1D5SIrxfTJcChTWqc4yhed//BrmBCgv+3EvU3VQ==",
      "cpu": [
        "x64"
      ],
      "license": "MIT",
      "optional": true,
      "os": [
        "win32"
      ],
      "engines": {
        "node": "^20.19.0 || >=22.12.0"
      }
    },
    "node_modules/@oxc-project/types": {
      "version": "0.114.0",
      "resolved": "https://registry.npmjs.org/@oxc-project/types/-/types-0.114.0.tgz",
      "integrity": "sha512-//nBfbzHQHvJs8oFIjv6coZ6uxQ4alLfiPe6D5vit6c4pmxATHHlVwgB1k+Hv4yoAMyncdxgRBF5K4BYWUCzvA==",
      "license": "MIT",
      "funding": {
        "url": "https://github.com/sponsors/Boshen"
      }
    },
    "node_modules/@quansync/fs": {
      "version": "1.0.0",
      "resolved": "https://registry.npmjs.org/@quansync/fs/-/fs-1.0.0.tgz",
      "integrity": "sha512-4TJ3DFtlf1L5LDMaM6CanJ/0lckGNtJcMjQ1NAV6zDmA0tEHKZtxNKin8EgPaVX1YzljbxckyT2tJrpQKAtngQ==",
      "license": "MIT",
      "dependencies": {
        "quansync": "^1.0.0"
      },
      "funding": {
        "url": "https://github.com/sponsors/sxzz"
      }
    },
    "node_modules/@tybys/wasm-util": {
      "version": "0.10.1",
      "resolved": "https://registry.npmjs.org/@tybys/wasm-util/-/wasm-util-0.10.1.tgz",
      "integrity": "sha512-9tTaPJLSiejZKx+Bmog4uSubteqTvFrVrURwkmHixBo0G4seD0zUxp98E1DzUBJxLQ3NPwXrGKDiVjwx/DpPsg==",
      "license": "MIT",
      "optional": true,
      "dependencies": {
        "tslib": "^2.4.0"
      }
    },
    "node_modules/commander": {
      "version": "14.0.3",
      "resolved": "https://registry.npmjs.org/commander/-/commander-14.0.3.tgz",
      "integrity": "sha512-H+y0Jo/T1RZ9qPP4Eh1pkcQcLRglraJaSLoyOtHxu6AapkjWVCy2Sit1QQ4x3Dng8qDlSsZEet7g5Pq06MvTgw==",
      "license": "MIT",
      "engines": {
        "node": ">=20"
      }
    },
    "node_modules/defu": {
      "version": "6.1.4",
      "resolved": "https://registry.npmjs.org/defu/-/defu-6.1.4.tgz",
      "integrity": "sha512-mEQCMmwJu317oSz8CwdIOdwf3xMif1ttiM8LTufzc3g6kR+9Pe236twL8j3IYT1F7GfRgGcW6MWxzZjLIkuHIg==",
      "license": "MIT"
    },
    "node_modules/jiti": {
      "version": "2.6.1",
      "resolved": "https://registry.npmjs.org/jiti/-/jiti-2.6.1.tgz",
      "integrity": "sha512-ekilCSN1jwRvIbgeg/57YFh8qQDNbwDb9xT/qu2DAHbFFZUicIl4ygVaAvzveMhMVr3LnpSKTNnwt8PoOfmKhQ==",
      "license": "MIT",
      "bin": {
        "jiti": "lib/jiti-cli.mjs"
      }
    },
    "node_modules/jsrepo": {
      "version": "3.7.0",
      "resolved": "https://registry.npmjs.org/jsrepo/-/jsrepo-3.7.0.tgz",
      "integrity": "sha512-Ds0ItLykeFm2MD5Px7FF7UXrHGUD21gLMOxxqwqgJsnWjZ/j6i9e/cgGwv3U2ZjlgxvHbmMyP9kYOmkULa0pSw==",
      "license": "MIT",
      "dependencies": {
        "commander": "^14.0.3",
        "oxc-parser": "^0.114.0",
        "unconfig": "^7.5.0"
      },
      "bin": {
        "jsrepo": "dist/bin.mjs"
      },
      "peerDependencies": {
        "svelte": "^5.0.0",
        "vue": "^3.0.0"
      },
      "peerDependenciesMeta": {
        "svelte": {
          "optional": true
        },
        "vue": {
          "optional": true
        }
      }
    },
    "node_modules/oxc-parser": {
      "version": "0.114.0",
      "resolved": "https://registry.npmjs.org/oxc-parser/-/oxc-parser-0.114.0.tgz",
      "integrity": "sha512-V+tATPyadb6MP51BpK2OMnB27Ln/pDwG7Uk5cAi5jPHRyZwdb72zacuPI6umafcV3VJjh9Jc9WWp0rwEM0AjSQ==",
      "license": "MIT",
      "dependencies": {
        "@oxc-project/types": "^0.114.0"
      },
      "engines": {
        "node": "^20.19.0 || >=22.12.0"
      },
      "funding": {
        "url": "https://github.com/sponsors/Boshen"
      },
      "optionalDependencies": {
        "@oxc-parser/binding-android-arm-eabi": "0.114.0",
        "@oxc-parser/binding-android-arm64": "0.114.0",
        "@oxc-parser/binding-darwin-arm64": "0.114.0",
        "@oxc-parser/binding-darwin-x64": "0.114.0",
        "@oxc-parser/binding-freebsd-x64": "0.114.0",
        "@oxc-parser/binding-linux-arm-gnueabihf": "0.114.0",
        "@oxc-parser/binding-linux-arm-musleabihf": "0.114.0",
        "@oxc-parser/binding-linux-arm64-gnu": "0.114.0",
        "@oxc-parser/binding-linux-arm64-musl": "0.114.0",
        "@oxc-parser/binding-linux-ppc64-gnu": "0.114.0",
        "@oxc-parser/binding-linux-riscv64-gnu": "0.114.0",
        "@oxc-parser/binding-linux-riscv64-musl": "0.114.0",
        "@oxc-parser/binding-linux-s390x-gnu": "0.114.0",
        "@oxc-parser/binding-linux-x64-gnu": "0.114.0",
        "@oxc-parser/binding-linux-x64-musl": "0.114.0",
        "@oxc-parser/binding-openharmony-arm64": "0.114.0",
        "@oxc-parser/binding-wasm32-wasi": "0.114.0",
        "@oxc-parser/binding-win32-arm64-msvc": "0.114.0",
        "@oxc-parser/binding-win32-ia32-msvc": "0.114.0",
        "@oxc-parser/binding-win32-x64-msvc": "0.114.0"
      }
    },
    "node_modules/quansync": {
      "version": "1.0.0",
      "resolved": "https://registry.npmjs.org/quansync/-/quansync-1.0.0.tgz",
      "integrity": "sha512-5xZacEEufv3HSTPQuchrvV6soaiACMFnq1H8wkVioctoH3TRha9Sz66lOxRwPK/qZj7HPiSveih9yAyh98gvqA==",
      "funding": [
        {
          "type": "individual",
          "url": "https://github.com/sponsors/antfu"
        },
        {
          "type": "individual",
          "url": "https://github.com/sponsors/sxzz"
        }
      ],
      "license": "MIT"
    },
    "node_modules/tslib": {
      "version": "2.8.1",
      "resolved": "https://registry.npmjs.org/tslib/-/tslib-2.8.1.tgz",
      "integrity": "sha512-oJFu94HQb+KVduSUQL7wnpmqnfmLsOA/nAh6b6EH0wCEoK0/mPeXU6c3wKDV83MkOuHPRHtSXKKU99IBazS/2w==",
      "license": "0BSD",
      "optional": true
    },
    "node_modules/unconfig": {
      "version": "7.5.0",
      "resolved": "https://registry.npmjs.org/unconfig/-/unconfig-7.5.0.tgz",
      "integrity": "sha512-oi8Qy2JV4D3UQ0PsopR28CzdQ3S/5A1zwsUwp/rosSbfhJ5z7b90bIyTwi/F7hCLD4SGcZVjDzd4XoUQcEanvA==",
      "license": "MIT",
      "dependencies": {
        "@quansync/fs": "^1.0.0",
        "defu": "^6.1.4",
        "jiti": "^2.6.1",
        "quansync": "^1.0.0",
        "unconfig-core": "7.5.0"
      },
      "funding": {
        "url": "https://github.com/sponsors/antfu"
      }
    },
    "node_modules/unconfig-core": {
      "version": "7.5.0",
      "resolved": "https://registry.npmjs.org/unconfig-core/-/unconfig-core-7.5.0.tgz",
      "integrity": "sha512-Su3FauozOGP44ZmKdHy2oE6LPjk51M/TRRjHv2HNCWiDvfvCoxC2lno6jevMA91MYAdCdwP05QnWdWpSbncX/w==",
      "license": "MIT",
      "dependencies": {
        "@quansync/fs": "^1.0.0",
        "quansync": "^1.0.0"
      },
      "funding": {
        "url": "https://github.com/sponsors/antfu"
      }
    }
  }
}
